github.com/phques/goweb/webhelper v0.0.0-20240726084618-5a8a53846cdb h1:Z7xhYU22stx0d2LPRyv9BrzwvNM6VM0e0RKVBQrP71s=
github.com/phques/goweb/webhelper v0.0.0-20240726084618-5a8a53846cdb/go.mod h1:3ZAGXgvPljEcErQtLz/obFdSiyQcs4KNkJQSYVmFtRI=
github.com/phques/goweb/webhelper v0.0.0-20240727013839-2ca122ff02d1 h1:ViUSuHv79yfmjvo8gpnW+/D737HNT9XU/XDIsNhM84Q=
github.com/phques/goweb/webhelper v0.0.0-20240727013839-2ca122ff02d1/go.mod h1:3ZAGXgvPljEcErQtLz/obFdSiyQcs4KNkJQSYVmFtRI=
